
Microsoft Visual Studio Solution File, Format Version 12.00
# Visual Studio Version 17
VisualStudioVersion = 17.10.34916.146
MinimumVisualStudioVersion = 10.0.40219.1
Project("{FAE04EC0-301F-11D3-BF4B-00C04F79EFBC}") = "A2Graphs", "A2Graphs\A2Graphs.csproj", "{36D3E0D8-B96B-41E8-8101-078ACDE9C63B}"
EndProject
Global
	GlobalSection(SolutionConfigurationPlatforms) = preSolution
		Debug|Any CPU = Debug|Any CPU
		Release|Any CPU = Release|Any CPU
	EndGlobalSection
	GlobalSection(ProjectConfigurationPlatforms) = postSolution
		{36D3E0D8-B96B-41E8-8101-078ACDE9C63B}.Debug|Any CPU.ActiveCfg = Debug|Any CPU
		{36D3E0D8-B96B-41E8-8101-078ACDE9C63B}.Debug|Any CPU.Build.0 = Debug|Any CPU
		{36D3E0D8-B96B-41E8-8101-078ACDE9C63B}.Release|Any CPU.ActiveCfg = Release|Any CPU
		{36D3E0D8-B96B-41E8-8101-078ACDE9C63B}.Release|Any CPU.Build.0 = Release|Any CPU
	EndGlobalSection
	GlobalSection(SolutionProperties) = preSolution
		HideSolutionNode = FALSE
	EndGlobalSection
	GlobalSection(ExtensibilityGlobals) = postSolution
		SolutionGuid = {436981B0-7520-4CB6-993A-6C883B4313FD}
	EndGlobalSection
EndGlobal
